
Microsoft Visual Studio Solution File, Format Version 12.00
# Visual Studio 15
VisualStudioVersion = 15.0.27130.2027
MinimumVisualStudioVersion = 10.0.40219.1
Project("{FAE04EC0-301F-11D3-BF4B-00C04F79EFBC}") = "ChangeFileEncoding", "ChangeFileEncoding\ChangeFileEncoding.csproj", "{539F4E1D-C5FC-4BEE-935D-8C13F2E497BE}"
EndProject
Project("{FAE04EC0-301F-11D3-BF4B-00C04F79EFBC}") = "Common", "Common\Common.csproj", "{1FD1BFF9-A1D9-4584-A703-3FFD10E1461F}"
EndProject
Project("{FAE04EC0-301F-11D3-BF4B-00C04F79EFBC}") = "ClearTempFile", "ClearTempFile\ClearTempFile.csproj", "{EAFE43DE-9483-4073-B2CE-36FA4ED9EDFD}"
EndProject
Project("{FAE04EC0-301F-11D3-BF4B-00C04F79EFBC}") = "GetSQLFromPLSQLXML", "GetSQLFromPLSQLXML\GetSQLFromPLSQLXML.csproj", "{B90165D8-5775-4192-B466-8169EC22FB1F}"
EndProject
Project("{2150E333-8FDC-42A3-9474-1A3956D46DE8}") = "SQLBuilder", "SQLBuilder", "{E39B8C89-B82E-456C-99B7-BAE27FAD1337}"
EndProject
Project("{FAE04EC0-301F-11D3-BF4B-00C04F79EFBC}") = "SQLBuilder.Win", "SQLBuilder\SQLBuilder.Win\SQLBuilder.Win.csproj", "{EC8CE852-0533-42A7-B3CB-39116DD16EE8}"
EndProject
Project("{FAE04EC0-301F-11D3-BF4B-00C04F79EFBC}") = "SQLBuilder.BLL", "SQLBuilder\SQLBuilder.BLL\SQLBuilder.BLL.csproj", "{83213533-9340-44AA-9639-DE341FFD989A}"
EndProject
Project("{2150E333-8FDC-42A3-9474-1A3956D46DE8}") = "AutoSubmit", "AutoSubmit", "{99CBEC80-4E9F-4366-959B-C14A57D37EC8}"
EndProject
Project("{FAE04EC0-301F-11D3-BF4B-00C04F79EFBC}") = "AutoSubmit.Win", "AutoSubmit\AutoSubmit.Win\AutoSubmit.Win.csproj", "{C0DE4756-6A5B-478B-976B-23C0855C503D}"
EndProject
Project("{FAE04EC0-301F-11D3-BF4B-00C04F79EFBC}") = "AutoSubmit.BLL", "AutoSubmit\AutoSubmit.BLL\AutoSubmit.BLL.csproj", "{68DA0706-EA18-4B34-91DD-0113132ECEBB}"
EndProject
Project("{FAE04EC0-301F-11D3-BF4B-00C04F79EFBC}") = "AutoSubmit.Test", "AutoSubmit\AutoSubmit.Test\AutoSubmit.Test.csproj", "{489DB71A-2746-4037-8A92-CB574148572A}"
EndProject
Project("{FAE04EC0-301F-11D3-BF4B-00C04F79EFBC}") = "RemoveSRFromCode.Test", "RemoveSRFromCode\RemoveSRFromCode.Test\RemoveSRFromCode.Test.csproj", "{2599AB25-4E6E-4952-AEE6-73122BA83CB2}"
EndProject
Project("{2150E333-8FDC-42A3-9474-1A3956D46DE8}") = "RemoveSRFromCode", "RemoveSRFromCode", "{6F03ABD4-6845-4C4D-BDA7-99E46482214A}"
EndProject
Project("{FAE04EC0-301F-11D3-BF4B-00C04F79EFBC}") = "RemoveSRFromCode.Win", "RemoveSRFromCode\RemoveSRFromCode.Win\RemoveSRFromCode.Win.csproj", "{E7C69869-B957-4635-BB80-3952D38EC81F}"
EndProject
Project("{2150E333-8FDC-42A3-9474-1A3956D46DE8}") = "EdmxDocumentationGenerator", "EdmxDocumentationGenerator", "{1BBD6918-87A4-490A-9B28-0235A075EA89}"
EndProject
Project("{FAE04EC0-301F-11D3-BF4B-00C04F79EFBC}") = "Generator", "EdmxDocumentationGenerator\Generator\Generator.csproj", "{A4AEBA56-9FE7-44B3-898A-AAD51BD74161}"
EndProject
Project("{FAE04EC0-301F-11D3-BF4B-00C04F79EFBC}") = "Generator.ConsoleTool", "EdmxDocumentationGenerator\Generator.Console\Generator.ConsoleTool.csproj", "{0CD38D22-E0B7-4BD8-AEDF-4F725A9D8B6A}"
EndProject
Project("{FAE04EC0-301F-11D3-BF4B-00C04F79EFBC}") = "Oracle.Generator", "EdmxDocumentationGenerator\Oracle.Generator\Oracle.Generator.csproj", "{E5078EC1-6479-44B8-9058-E7BE51D7FF00}"
EndProject
Project("{FAE04EC0-301F-11D3-BF4B-00C04F79EFBC}") = "SqlServer2016.Generator", "EdmxDocumentationGenerator\SqlServer2016.Generator\SqlServer2016.Generator.csproj", "{1E1300D9-24E7-4C9F-8A43-C7071769CB29}"
EndProject
Project("{FAE04EC0-301F-11D3-BF4B-00C04F79EFBC}") = "ColorPicker.UI", "ColorPicker.UI\ColorPicker.UI.csproj", "{4F0D93EA-DD8A-40ED-89F6-7EA754FFC4E5}"
EndProject
Project("{FAE04EC0-301F-11D3-BF4B-00C04F79EFBC}") = "CheckNetVersion", "CheckNetVersion\CheckNetVersion.csproj", "{191D700A-6CCD-4042-AEEF-DF5661B51F5B}"
EndProject
Project("{FAE04EC0-301F-11D3-BF4B-00C04F79EFBC}") = "SetDBTableKey", "SetDBTableKey\SetDBTableKey.csproj", "{FAD8D830-B14B-41A1-833E-13AC8AB1E897}"
EndProject
Global
	GlobalSection(SolutionConfigurationPlatforms) = preSolution
		Debug|Any CPU = Debug|Any CPU
		Debug|x86 = Debug|x86
		NET20|Any CPU = NET20|Any CPU
		NET20|x86 = NET20|x86
		NET40|Any CPU = NET40|Any CPU
		NET40|x86 = NET40|x86
		Release|Any CPU = Release|Any CPU
		Release|x86 = Release|x86
	EndGlobalSection
	GlobalSection(ProjectConfigurationPlatforms) = postSolution
		{539F4E1D-C5FC-4BEE-935D-8C13F2E497BE}.Debug|Any CPU.ActiveCfg = Debug|Any CPU
		{539F4E1D-C5FC-4BEE-935D-8C13F2E497BE}.Debug|Any CPU.Build.0 = Debug|Any CPU
		{539F4E1D-C5FC-4BEE-935D-8C13F2E497BE}.Debug|x86.ActiveCfg = Debug|Any CPU
		{539F4E1D-C5FC-4BEE-935D-8C13F2E497BE}.Debug|x86.Build.0 = Debug|Any CPU
		{539F4E1D-C5FC-4BEE-935D-8C13F2E497BE}.NET20|Any CPU.ActiveCfg = Release|Any CPU
		{539F4E1D-C5FC-4BEE-935D-8C13F2E497BE}.NET20|Any CPU.Build.0 = Release|Any CPU
		{539F4E1D-C5FC-4BEE-935D-8C13F2E497BE}.NET20|x86.ActiveCfg = Release|Any CPU
		{539F4E1D-C5FC-4BEE-935D-8C13F2E497BE}.NET20|x86.Build.0 = Release|Any CPU
		{539F4E1D-C5FC-4BEE-935D-8C13F2E497BE}.NET40|Any CPU.ActiveCfg = Release|Any CPU
		{539F4E1D-C5FC-4BEE-935D-8C13F2E497BE}.NET40|Any CPU.Build.0 = Release|Any CPU
		{539F4E1D-C5FC-4BEE-935D-8C13F2E497BE}.NET40|x86.ActiveCfg = Release|Any CPU
		{539F4E1D-C5FC-4BEE-935D-8C13F2E497BE}.NET40|x86.Build.0 = Release|Any CPU
		{539F4E1D-C5FC-4BEE-935D-8C13F2E497BE}.Release|Any CPU.ActiveCfg = Release|Any CPU
		{539F4E1D-C5FC-4BEE-935D-8C13F2E497BE}.Release|Any CPU.Build.0 = Release|Any CPU
		{539F4E1D-C5FC-4BEE-935D-8C13F2E497BE}.Release|x86.ActiveCfg = Release|Any CPU
		{539F4E1D-C5FC-4BEE-935D-8C13F2E497BE}.Release|x86.Build.0 = Release|Any CPU
		{1FD1BFF9-A1D9-4584-A703-3FFD10E1461F}.Debug|Any CPU.ActiveCfg = Debug|Any CPU
		{1FD1BFF9-A1D9-4584-A703-3FFD10E1461F}.Debug|Any CPU.Build.0 = Debug|Any CPU
		{1FD1BFF9-A1D9-4584-A703-3FFD10E1461F}.Debug|x86.ActiveCfg = Debug|Any CPU
		{1FD1BFF9-A1D9-4584-A703-3FFD10E1461F}.Debug|x86.Build.0 = Debug|Any CPU
		{1FD1BFF9-A1D9-4584-A703-3FFD10E1461F}.NET20|Any CPU.ActiveCfg = Release|Any CPU
		{1FD1BFF9-A1D9-4584-A703-3FFD10E1461F}.NET20|Any CPU.Build.0 = Release|Any CPU
		{1FD1BFF9-A1D9-4584-A703-3FFD10E1461F}.NET20|x86.ActiveCfg = Release|Any CPU
		{1FD1BFF9-A1D9-4584-A703-3FFD10E1461F}.NET20|x86.Build.0 = Release|Any CPU
		{1FD1BFF9-A1D9-4584-A703-3FFD10E1461F}.NET40|Any CPU.ActiveCfg = Release|Any CPU
		{1FD1BFF9-A1D9-4584-A703-3FFD10E1461F}.NET40|Any CPU.Build.0 = Release|Any CPU
		{1FD1BFF9-A1D9-4584-A703-3FFD10E1461F}.NET40|x86.ActiveCfg = Release|Any CPU
		{1FD1BFF9-A1D9-4584-A703-3FFD10E1461F}.NET40|x86.Build.0 = Release|Any CPU
		{1FD1BFF9-A1D9-4584-A703-3FFD10E1461F}.Release|Any CPU.ActiveCfg = Release|Any CPU
		{1FD1BFF9-A1D9-4584-A703-3FFD10E1461F}.Release|Any CPU.Build.0 = Release|Any CPU
		{1FD1BFF9-A1D9-4584-A703-3FFD10E1461F}.Release|x86.ActiveCfg = Release|Any CPU
		{1FD1BFF9-A1D9-4584-A703-3FFD10E1461F}.Release|x86.Build.0 = Release|Any CPU
		{EAFE43DE-9483-4073-B2CE-36FA4ED9EDFD}.Debug|Any CPU.ActiveCfg = Debug|Any CPU
		{EAFE43DE-9483-4073-B2CE-36FA4ED9EDFD}.Debug|Any CPU.Build.0 = Debug|Any CPU
		{EAFE43DE-9483-4073-B2CE-36FA4ED9EDFD}.Debug|x86.ActiveCfg = Debug|Any CPU
		{EAFE43DE-9483-4073-B2CE-36FA4ED9EDFD}.Debug|x86.Build.0 = Debug|Any CPU
		{EAFE43DE-9483-4073-B2CE-36FA4ED9EDFD}.NET20|Any CPU.ActiveCfg = Release|Any CPU
		{EAFE43DE-9483-4073-B2CE-36FA4ED9EDFD}.NET20|Any CPU.Build.0 = Release|Any CPU
		{EAFE43DE-9483-4073-B2CE-36FA4ED9EDFD}.NET20|x86.ActiveCfg = Release|Any CPU
		{EAFE43DE-9483-4073-B2CE-36FA4ED9EDFD}.NET20|x86.Build.0 = Release|Any CPU
		{EAFE43DE-9483-4073-B2CE-36FA4ED9EDFD}.NET40|Any CPU.ActiveCfg = Release|Any CPU
		{EAFE43DE-9483-4073-B2CE-36FA4ED9EDFD}.NET40|Any CPU.Build.0 = Release|Any CPU
		{EAFE43DE-9483-4073-B2CE-36FA4ED9EDFD}.NET40|x86.ActiveCfg = Release|Any CPU
		{EAFE43DE-9483-4073-B2CE-36FA4ED9EDFD}.NET40|x86.Build.0 = Release|Any CPU
		{EAFE43DE-9483-4073-B2CE-36FA4ED9EDFD}.Release|Any CPU.ActiveCfg = Release|Any CPU
		{EAFE43DE-9483-4073-B2CE-36FA4ED9EDFD}.Release|Any CPU.Build.0 = Release|Any CPU
		{EAFE43DE-9483-4073-B2CE-36FA4ED9EDFD}.Release|x86.ActiveCfg = Release|Any CPU
		{EAFE43DE-9483-4073-B2CE-36FA4ED9EDFD}.Release|x86.Build.0 = Release|Any CPU
		{B90165D8-5775-4192-B466-8169EC22FB1F}.Debug|Any CPU.ActiveCfg = Debug|x86
		{B90165D8-5775-4192-B466-8169EC22FB1F}.Debug|x86.ActiveCfg = Debug|x86
		{B90165D8-5775-4192-B466-8169EC22FB1F}.Debug|x86.Build.0 = Debug|x86
		{B90165D8-5775-4192-B466-8169EC22FB1F}.NET20|Any CPU.ActiveCfg = Release|x86
		{B90165D8-5775-4192-B466-8169EC22FB1F}.NET20|Any CPU.Build.0 = Release|x86
		{B90165D8-5775-4192-B466-8169EC22FB1F}.NET20|x86.ActiveCfg = Release|x86
		{B90165D8-5775-4192-B466-8169EC22FB1F}.NET20|x86.Build.0 = Release|x86
		{B90165D8-5775-4192-B466-8169EC22FB1F}.NET40|Any CPU.ActiveCfg = Release|x86
		{B90165D8-5775-4192-B466-8169EC22FB1F}.NET40|Any CPU.Build.0 = Release|x86
		{B90165D8-5775-4192-B466-8169EC22FB1F}.NET40|x86.ActiveCfg = Release|x86
		{B90165D8-5775-4192-B466-8169EC22FB1F}.NET40|x86.Build.0 = Release|x86
		{B90165D8-5775-4192-B466-8169EC22FB1F}.Release|Any CPU.ActiveCfg = Release|x86
		{B90165D8-5775-4192-B466-8169EC22FB1F}.Release|x86.ActiveCfg = Release|x86
		{B90165D8-5775-4192-B466-8169EC22FB1F}.Release|x86.Build.0 = Release|x86
		{EC8CE852-0533-42A7-B3CB-39116DD16EE8}.Debug|Any CPU.ActiveCfg = Debug|Any CPU
		{EC8CE852-0533-42A7-B3CB-39116DD16EE8}.Debug|Any CPU.Build.0 = Debug|Any CPU
		{EC8CE852-0533-42A7-B3CB-39116DD16EE8}.Debug|x86.ActiveCfg = Debug|Any CPU
		{EC8CE852-0533-42A7-B3CB-39116DD16EE8}.Debug|x86.Build.0 = Debug|Any CPU
		{EC8CE852-0533-42A7-B3CB-39116DD16EE8}.NET20|Any CPU.ActiveCfg = Release|Any CPU
		{EC8CE852-0533-42A7-B3CB-39116DD16EE8}.NET20|Any CPU.Build.0 = Release|Any CPU
		{EC8CE852-0533-42A7-B3CB-39116DD16EE8}.NET20|x86.ActiveCfg = Release|Any CPU
		{EC8CE852-0533-42A7-B3CB-39116DD16EE8}.NET20|x86.Build.0 = Release|Any CPU
		{EC8CE852-0533-42A7-B3CB-39116DD16EE8}.NET40|Any CPU.ActiveCfg = Release|Any CPU
		{EC8CE852-0533-42A7-B3CB-39116DD16EE8}.NET40|Any CPU.Build.0 = Release|Any CPU
		{EC8CE852-0533-42A7-B3CB-39116DD16EE8}.NET40|x86.ActiveCfg = Release|Any CPU
		{EC8CE852-0533-42A7-B3CB-39116DD16EE8}.NET40|x86.Build.0 = Release|Any CPU
		{EC8CE852-0533-42A7-B3CB-39116DD16EE8}.Release|Any CPU.ActiveCfg = Release|Any CPU
		{EC8CE852-0533-42A7-B3CB-39116DD16EE8}.Release|Any CPU.Build.0 = Release|Any CPU
		{EC8CE852-0533-42A7-B3CB-39116DD16EE8}.Release|x86.ActiveCfg = Release|Any CPU
		{EC8CE852-0533-42A7-B3CB-39116DD16EE8}.Release|x86.Build.0 = Release|Any CPU
		{83213533-9340-44AA-9639-DE341FFD989A}.Debug|Any CPU.ActiveCfg = Debug|Any CPU
		{83213533-9340-44AA-9639-DE341FFD989A}.Debug|Any CPU.Build.0 = Debug|Any CPU
		{83213533-9340-44AA-9639-DE341FFD989A}.Debug|x86.ActiveCfg = Debug|Any CPU
		{83213533-9340-44AA-9639-DE341FFD989A}.Debug|x86.Build.0 = Debug|Any CPU
		{83213533-9340-44AA-9639-DE341FFD989A}.NET20|Any CPU.ActiveCfg = Release|Any CPU
		{83213533-9340-44AA-9639-DE341FFD989A}.NET20|Any CPU.Build.0 = Release|Any CPU
		{83213533-9340-44AA-9639-DE341FFD989A}.NET20|x86.ActiveCfg = Release|Any CPU
		{83213533-9340-44AA-9639-DE341FFD989A}.NET20|x86.Build.0 = Release|Any CPU
		{83213533-9340-44AA-9639-DE341FFD989A}.NET40|Any CPU.ActiveCfg = Release|Any CPU
		{83213533-9340-44AA-9639-DE341FFD989A}.NET40|Any CPU.Build.0 = Release|Any CPU
		{83213533-9340-44AA-9639-DE341FFD989A}.NET40|x86.ActiveCfg = Release|Any CPU
		{83213533-9340-44AA-9639-DE341FFD989A}.NET40|x86.Build.0 = Release|Any CPU
		{83213533-9340-44AA-9639-DE341FFD989A}.Release|Any CPU.ActiveCfg = Release|Any CPU
		{83213533-9340-44AA-9639-DE341FFD989A}.Release|Any CPU.Build.0 = Release|Any CPU
		{83213533-9340-44AA-9639-DE341FFD989A}.Release|x86.ActiveCfg = Release|Any CPU
		{83213533-9340-44AA-9639-DE341FFD989A}.Release|x86.Build.0 = Release|Any CPU
		{C0DE4756-6A5B-478B-976B-23C0855C503D}.Debug|Any CPU.ActiveCfg = Debug|Any CPU
		{C0DE4756-6A5B-478B-976B-23C0855C503D}.Debug|Any CPU.Build.0 = Debug|Any CPU
		{C0DE4756-6A5B-478B-976B-23C0855C503D}.Debug|x86.ActiveCfg = Debug|Any CPU
		{C0DE4756-6A5B-478B-976B-23C0855C503D}.Debug|x86.Build.0 = Debug|Any CPU
		{C0DE4756-6A5B-478B-976B-23C0855C503D}.NET20|Any CPU.ActiveCfg = Release|Any CPU
		{C0DE4756-6A5B-478B-976B-23C0855C503D}.NET20|Any CPU.Build.0 = Release|Any CPU
		{C0DE4756-6A5B-478B-976B-23C0855C503D}.NET20|x86.ActiveCfg = Release|Any CPU
		{C0DE4756-6A5B-478B-976B-23C0855C503D}.NET20|x86.Build.0 = Release|Any CPU
		{C0DE4756-6A5B-478B-976B-23C0855C503D}.NET40|Any CPU.ActiveCfg = Release|Any CPU
		{C0DE4756-6A5B-478B-976B-23C0855C503D}.NET40|Any CPU.Build.0 = Release|Any CPU
		{C0DE4756-6A5B-478B-976B-23C0855C503D}.NET40|x86.ActiveCfg = Release|Any CPU
		{C0DE4756-6A5B-478B-976B-23C0855C503D}.NET40|x86.Build.0 = Release|Any CPU
		{C0DE4756-6A5B-478B-976B-23C0855C503D}.Release|Any CPU.ActiveCfg = Release|Any CPU
		{C0DE4756-6A5B-478B-976B-23C0855C503D}.Release|Any CPU.Build.0 = Release|Any CPU
		{C0DE4756-6A5B-478B-976B-23C0855C503D}.Release|x86.ActiveCfg = Release|Any CPU
		{C0DE4756-6A5B-478B-976B-23C0855C503D}.Release|x86.Build.0 = Release|Any CPU
		{68DA0706-EA18-4B34-91DD-0113132ECEBB}.Debug|Any CPU.ActiveCfg = Debug|Any CPU
		{68DA0706-EA18-4B34-91DD-0113132ECEBB}.Debug|Any CPU.Build.0 = Debug|Any CPU
		{68DA0706-EA18-4B34-91DD-0113132ECEBB}.Debug|x86.ActiveCfg = Debug|Any CPU
		{68DA0706-EA18-4B34-91DD-0113132ECEBB}.Debug|x86.Build.0 = Debug|Any CPU
		{68DA0706-EA18-4B34-91DD-0113132ECEBB}.NET20|Any CPU.ActiveCfg = Release|Any CPU
		{68DA0706-EA18-4B34-91DD-0113132ECEBB}.NET20|Any CPU.Build.0 = Release|Any CPU
		{68DA0706-EA18-4B34-91DD-0113132ECEBB}.NET20|x86.ActiveCfg = Release|Any CPU
		{68DA0706-EA18-4B34-91DD-0113132ECEBB}.NET20|x86.Build.0 = Release|Any CPU
		{68DA0706-EA18-4B34-91DD-0113132ECEBB}.NET40|Any CPU.ActiveCfg = Release|Any CPU
		{68DA0706-EA18-4B34-91DD-0113132ECEBB}.NET40|Any CPU.Build.0 = Release|Any CPU
		{68DA0706-EA18-4B34-91DD-0113132ECEBB}.NET40|x86.ActiveCfg = Release|Any CPU
		{68DA0706-EA18-4B34-91DD-0113132ECEBB}.NET40|x86.Build.0 = Release|Any CPU
		{68DA0706-EA18-4B34-91DD-0113132ECEBB}.Release|Any CPU.ActiveCfg = Release|Any CPU
		{68DA0706-EA18-4B34-91DD-0113132ECEBB}.Release|Any CPU.Build.0 = Release|Any CPU
		{68DA0706-EA18-4B34-91DD-0113132ECEBB}.Release|x86.ActiveCfg = Release|Any CPU
		{68DA0706-EA18-4B34-91DD-0113132ECEBB}.Release|x86.Build.0 = Release|Any CPU
		{489DB71A-2746-4037-8A92-CB574148572A}.Debug|Any CPU.ActiveCfg = Debug|Any CPU
		{489DB71A-2746-4037-8A92-CB574148572A}.Debug|Any CPU.Build.0 = Debug|Any CPU
		{489DB71A-2746-4037-8A92-CB574148572A}.Debug|x86.ActiveCfg = Debug|Any CPU
		{489DB71A-2746-4037-8A92-CB574148572A}.Debug|x86.Build.0 = Debug|Any CPU
		{489DB71A-2746-4037-8A92-CB574148572A}.NET20|Any CPU.ActiveCfg = Release|Any CPU
		{489DB71A-2746-4037-8A92-CB574148572A}.NET20|Any CPU.Build.0 = Release|Any CPU
		{489DB71A-2746-4037-8A92-CB574148572A}.NET20|x86.ActiveCfg = Release|Any CPU
		{489DB71A-2746-4037-8A92-CB574148572A}.NET20|x86.Build.0 = Release|Any CPU
		{489DB71A-2746-4037-8A92-CB574148572A}.NET40|Any CPU.ActiveCfg = Release|Any CPU
		{489DB71A-2746-4037-8A92-CB574148572A}.NET40|Any CPU.Build.0 = Release|Any CPU
		{489DB71A-2746-4037-8A92-CB574148572A}.NET40|x86.ActiveCfg = Release|Any CPU
		{489DB71A-2746-4037-8A92-CB574148572A}.NET40|x86.Build.0 = Release|Any CPU
		{489DB71A-2746-4037-8A92-CB574148572A}.Release|Any CPU.ActiveCfg = Release|Any CPU
		{489DB71A-2746-4037-8A92-CB574148572A}.Release|Any CPU.Build.0 = Release|Any CPU
		{489DB71A-2746-4037-8A92-CB574148572A}.Release|x86.ActiveCfg = Release|Any CPU
		{489DB71A-2746-4037-8A92-CB574148572A}.Release|x86.Build.0 = Release|Any CPU
		{2599AB25-4E6E-4952-AEE6-73122BA83CB2}.Debug|Any CPU.ActiveCfg = Debug|Any CPU
		{2599AB25-4E6E-4952-AEE6-73122BA83CB2}.Debug|Any CPU.Build.0 = Debug|Any CPU
		{2599AB25-4E6E-4952-AEE6-73122BA83CB2}.Debug|x86.ActiveCfg = Debug|Any CPU
		{2599AB25-4E6E-4952-AEE6-73122BA83CB2}.Debug|x86.Build.0 = Debug|Any CPU
		{2599AB25-4E6E-4952-AEE6-73122BA83CB2}.NET20|Any CPU.ActiveCfg = Release|Any CPU
		{2599AB25-4E6E-4952-AEE6-73122BA83CB2}.NET20|Any CPU.Build.0 = Release|Any CPU
		{2599AB25-4E6E-4952-AEE6-73122BA83CB2}.NET20|x86.ActiveCfg = Release|Any CPU
		{2599AB25-4E6E-4952-AEE6-73122BA83CB2}.NET20|x86.Build.0 = Release|Any CPU
		{2599AB25-4E6E-4952-AEE6-73122BA83CB2}.NET40|Any CPU.ActiveCfg = Release|Any CPU
		{2599AB25-4E6E-4952-AEE6-73122BA83CB2}.NET40|Any CPU.Build.0 = Release|Any CPU
		{2599AB25-4E6E-4952-AEE6-73122BA83CB2}.NET40|x86.ActiveCfg = Release|Any CPU
		{2599AB25-4E6E-4952-AEE6-73122BA83CB2}.NET40|x86.Build.0 = Release|Any CPU
		{2599AB25-4E6E-4952-AEE6-73122BA83CB2}.Release|Any CPU.ActiveCfg = Release|Any CPU
		{2599AB25-4E6E-4952-AEE6-73122BA83CB2}.Release|Any CPU.Build.0 = Release|Any CPU
		{2599AB25-4E6E-4952-AEE6-73122BA83CB2}.Release|x86.ActiveCfg = Release|Any CPU
		{2599AB25-4E6E-4952-AEE6-73122BA83CB2}.Release|x86.Build.0 = Release|Any CPU
		{E7C69869-B957-4635-BB80-3952D38EC81F}.Debug|Any CPU.ActiveCfg = Debug|Any CPU
		{E7C69869-B957-4635-BB80-3952D38EC81F}.Debug|Any CPU.Build.0 = Debug|Any CPU
		{E7C69869-B957-4635-BB80-3952D38EC81F}.Debug|x86.ActiveCfg = Debug|Any CPU
		{E7C69869-B957-4635-BB80-3952D38EC81F}.Debug|x86.Build.0 = Debug|Any CPU
		{E7C69869-B957-4635-BB80-3952D38EC81F}.NET20|Any CPU.ActiveCfg = Release|Any CPU
		{E7C69869-B957-4635-BB80-3952D38EC81F}.NET20|Any CPU.Build.0 = Release|Any CPU
		{E7C69869-B957-4635-BB80-3952D38EC81F}.NET20|x86.ActiveCfg = Release|Any CPU
		{E7C69869-B957-4635-BB80-3952D38EC81F}.NET20|x86.Build.0 = Release|Any CPU
		{E7C69869-B957-4635-BB80-3952D38EC81F}.NET40|Any CPU.ActiveCfg = Release|Any CPU
		{E7C69869-B957-4635-BB80-3952D38EC81F}.NET40|Any CPU.Build.0 = Release|Any CPU
		{E7C69869-B957-4635-BB80-3952D38EC81F}.NET40|x86.ActiveCfg = Release|Any CPU
		{E7C69869-B957-4635-BB80-3952D38EC81F}.NET40|x86.Build.0 = Release|Any CPU
		{E7C69869-B957-4635-BB80-3952D38EC81F}.Release|Any CPU.ActiveCfg = Release|Any CPU
		{E7C69869-B957-4635-BB80-3952D38EC81F}.Release|Any CPU.Build.0 = Release|Any CPU
		{E7C69869-B957-4635-BB80-3952D38EC81F}.Release|x86.ActiveCfg = Release|Any CPU
		{E7C69869-B957-4635-BB80-3952D38EC81F}.Release|x86.Build.0 = Release|Any CPU
		{A4AEBA56-9FE7-44B3-898A-AAD51BD74161}.Debug|Any CPU.ActiveCfg = Debug|Any CPU
		{A4AEBA56-9FE7-44B3-898A-AAD51BD74161}.Debug|Any CPU.Build.0 = Debug|Any CPU
		{A4AEBA56-9FE7-44B3-898A-AAD51BD74161}.Debug|x86.ActiveCfg = Debug|Any CPU
		{A4AEBA56-9FE7-44B3-898A-AAD51BD74161}.Debug|x86.Build.0 = Debug|Any CPU
		{A4AEBA56-9FE7-44B3-898A-AAD51BD74161}.NET20|Any CPU.ActiveCfg = Release|Any CPU
		{A4AEBA56-9FE7-44B3-898A-AAD51BD74161}.NET20|Any CPU.Build.0 = Release|Any CPU
		{A4AEBA56-9FE7-44B3-898A-AAD51BD74161}.NET20|x86.ActiveCfg = Release|Any CPU
		{A4AEBA56-9FE7-44B3-898A-AAD51BD74161}.NET20|x86.Build.0 = Release|Any CPU
		{A4AEBA56-9FE7-44B3-898A-AAD51BD74161}.NET40|Any CPU.ActiveCfg = Release|Any CPU
		{A4AEBA56-9FE7-44B3-898A-AAD51BD74161}.NET40|Any CPU.Build.0 = Release|Any CPU
		{A4AEBA56-9FE7-44B3-898A-AAD51BD74161}.NET40|x86.ActiveCfg = Release|Any CPU
		{A4AEBA56-9FE7-44B3-898A-AAD51BD74161}.NET40|x86.Build.0 = Release|Any CPU
		{A4AEBA56-9FE7-44B3-898A-AAD51BD74161}.Release|Any CPU.ActiveCfg = Release|Any CPU
		{A4AEBA56-9FE7-44B3-898A-AAD51BD74161}.Release|Any CPU.Build.0 = Release|Any CPU
		{A4AEBA56-9FE7-44B3-898A-AAD51BD74161}.Release|x86.ActiveCfg = Release|Any CPU
		{A4AEBA56-9FE7-44B3-898A-AAD51BD74161}.Release|x86.Build.0 = Release|Any CPU
		{0CD38D22-E0B7-4BD8-AEDF-4F725A9D8B6A}.Debug|Any CPU.ActiveCfg = Debug|x86
		{0CD38D22-E0B7-4BD8-AEDF-4F725A9D8B6A}.Debug|x86.ActiveCfg = Debug|x86
		{0CD38D22-E0B7-4BD8-AEDF-4F725A9D8B6A}.Debug|x86.Build.0 = Debug|x86
		{0CD38D22-E0B7-4BD8-AEDF-4F725A9D8B6A}.NET20|Any CPU.ActiveCfg = Release|x86
		{0CD38D22-E0B7-4BD8-AEDF-4F725A9D8B6A}.NET20|Any CPU.Build.0 = Release|x86
		{0CD38D22-E0B7-4BD8-AEDF-4F725A9D8B6A}.NET20|x86.ActiveCfg = Release|x86
		{0CD38D22-E0B7-4BD8-AEDF-4F725A9D8B6A}.NET20|x86.Build.0 = Release|x86
		{0CD38D22-E0B7-4BD8-AEDF-4F725A9D8B6A}.NET40|Any CPU.ActiveCfg = Release|x86
		{0CD38D22-E0B7-4BD8-AEDF-4F725A9D8B6A}.NET40|Any CPU.Build.0 = Release|x86
		{0CD38D22-E0B7-4BD8-AEDF-4F725A9D8B6A}.NET40|x86.ActiveCfg = Release|x86
		{0CD38D22-E0B7-4BD8-AEDF-4F725A9D8B6A}.NET40|x86.Build.0 = Release|x86
		{0CD38D22-E0B7-4BD8-AEDF-4F725A9D8B6A}.Release|Any CPU.ActiveCfg = Release|x86
		{0CD38D22-E0B7-4BD8-AEDF-4F725A9D8B6A}.Release|x86.ActiveCfg = Release|x86
		{0CD38D22-E0B7-4BD8-AEDF-4F725A9D8B6A}.Release|x86.Build.0 = Release|x86
		{E5078EC1-6479-44B8-9058-E7BE51D7FF00}.Debug|Any CPU.ActiveCfg = Debug|Any CPU
		{E5078EC1-6479-44B8-9058-E7BE51D7FF00}.Debug|Any CPU.Build.0 = Debug|Any CPU
		{E5078EC1-6479-44B8-9058-E7BE51D7FF00}.Debug|x86.ActiveCfg = Debug|Any CPU
		{E5078EC1-6479-44B8-9058-E7BE51D7FF00}.Debug|x86.Build.0 = Debug|Any CPU
		{E5078EC1-6479-44B8-9058-E7BE51D7FF00}.NET20|Any CPU.ActiveCfg = Release|Any CPU
		{E5078EC1-6479-44B8-9058-E7BE51D7FF00}.NET20|Any CPU.Build.0 = Release|Any CPU
		{E5078EC1-6479-44B8-9058-E7BE51D7FF00}.NET20|x86.ActiveCfg = Release|Any CPU
		{E5078EC1-6479-44B8-9058-E7BE51D7FF00}.NET20|x86.Build.0 = Release|Any CPU
		{E5078EC1-6479-44B8-9058-E7BE51D7FF00}.NET40|Any CPU.ActiveCfg = Release|Any CPU
		{E5078EC1-6479-44B8-9058-E7BE51D7FF00}.NET40|Any CPU.Build.0 = Release|Any CPU
		{E5078EC1-6479-44B8-9058-E7BE51D7FF00}.NET40|x86.ActiveCfg = Release|Any CPU
		{E5078EC1-6479-44B8-9058-E7BE51D7FF00}.NET40|x86.Build.0 = Release|Any CPU
		{E5078EC1-6479-44B8-9058-E7BE51D7FF00}.Release|Any CPU.ActiveCfg = Release|Any CPU
		{E5078EC1-6479-44B8-9058-E7BE51D7FF00}.Release|Any CPU.Build.0 = Release|Any CPU
		{E5078EC1-6479-44B8-9058-E7BE51D7FF00}.Release|x86.ActiveCfg = Release|Any CPU
		{E5078EC1-6479-44B8-9058-E7BE51D7FF00}.Release|x86.Build.0 = Release|Any CPU
		{1E1300D9-24E7-4C9F-8A43-C7071769CB29}.Debug|Any CPU.ActiveCfg = Debug|Any CPU
		{1E1300D9-24E7-4C9F-8A43-C7071769CB29}.Debug|Any CPU.Build.0 = Debug|Any CPU
		{1E1300D9-24E7-4C9F-8A43-C7071769CB29}.Debug|x86.ActiveCfg = Debug|Any CPU
		{1E1300D9-24E7-4C9F-8A43-C7071769CB29}.Debug|x86.Build.0 = Debug|Any CPU
		{1E1300D9-24E7-4C9F-8A43-C7071769CB29}.NET20|Any CPU.ActiveCfg = Release|Any CPU
		{1E1300D9-24E7-4C9F-8A43-C7071769CB29}.NET20|Any CPU.Build.0 = Release|Any CPU
		{1E1300D9-24E7-4C9F-8A43-C7071769CB29}.NET20|x86.ActiveCfg = Release|Any CPU
		{1E1300D9-24E7-4C9F-8A43-C7071769CB29}.NET20|x86.Build.0 = Release|Any CPU
		{1E1300D9-24E7-4C9F-8A43-C7071769CB29}.NET40|Any CPU.ActiveCfg = Release|Any CPU
		{1E1300D9-24E7-4C9F-8A43-C7071769CB29}.NET40|Any CPU.Build.0 = Release|Any CPU
		{1E1300D9-24E7-4C9F-8A43-C7071769CB29}.NET40|x86.ActiveCfg = Release|Any CPU
		{1E1300D9-24E7-4C9F-8A43-C7071769CB29}.NET40|x86.Build.0 = Release|Any CPU
		{1E1300D9-24E7-4C9F-8A43-C7071769CB29}.Release|Any CPU.ActiveCfg = Release|Any CPU
		{1E1300D9-24E7-4C9F-8A43-C7071769CB29}.Release|Any CPU.Build.0 = Release|Any CPU
		{1E1300D9-24E7-4C9F-8A43-C7071769CB29}.Release|x86.ActiveCfg = Release|Any CPU
		{1E1300D9-24E7-4C9F-8A43-C7071769CB29}.Release|x86.Build.0 = Release|Any CPU
		{4F0D93EA-DD8A-40ED-89F6-7EA754FFC4E5}.Debug|Any CPU.ActiveCfg = Debug|x86
		{4F0D93EA-DD8A-40ED-89F6-7EA754FFC4E5}.Debug|x86.ActiveCfg = Debug|x86
		{4F0D93EA-DD8A-40ED-89F6-7EA754FFC4E5}.Debug|x86.Build.0 = Debug|x86
		{4F0D93EA-DD8A-40ED-89F6-7EA754FFC4E5}.NET20|Any CPU.ActiveCfg = NET20|x86
		{4F0D93EA-DD8A-40ED-89F6-7EA754FFC4E5}.NET20|x86.ActiveCfg = NET20|x86
		{4F0D93EA-DD8A-40ED-89F6-7EA754FFC4E5}.NET20|x86.Build.0 = NET20|x86
		{4F0D93EA-DD8A-40ED-89F6-7EA754FFC4E5}.NET40|Any CPU.ActiveCfg = NET40|x86
		{4F0D93EA-DD8A-40ED-89F6-7EA754FFC4E5}.NET40|x86.ActiveCfg = NET40|x86
		{4F0D93EA-DD8A-40ED-89F6-7EA754FFC4E5}.NET40|x86.Build.0 = NET40|x86
		{4F0D93EA-DD8A-40ED-89F6-7EA754FFC4E5}.Release|Any CPU.ActiveCfg = Release|x86
		{4F0D93EA-DD8A-40ED-89F6-7EA754FFC4E5}.Release|x86.ActiveCfg = Release|x86
		{4F0D93EA-DD8A-40ED-89F6-7EA754FFC4E5}.Release|x86.Build.0 = Release|x86
		{191D700A-6CCD-4042-AEEF-DF5661B51F5B}.Debug|Any CPU.ActiveCfg = Debug|Any CPU
		{191D700A-6CCD-4042-AEEF-DF5661B51F5B}.Debug|Any CPU.Build.0 = Debug|Any CPU
		{191D700A-6CCD-4042-AEEF-DF5661B51F5B}.Debug|x86.ActiveCfg = Debug|Any CPU
		{191D700A-6CCD-4042-AEEF-DF5661B51F5B}.Debug|x86.Build.0 = Debug|Any CPU
		{191D700A-6CCD-4042-AEEF-DF5661B51F5B}.NET20|Any CPU.ActiveCfg = Release|Any CPU
		{191D700A-6CCD-4042-AEEF-DF5661B51F5B}.NET20|Any CPU.Build.0 = Release|Any CPU
		{191D700A-6CCD-4042-AEEF-DF5661B51F5B}.NET20|x86.ActiveCfg = Release|Any CPU
		{191D700A-6CCD-4042-AEEF-DF5661B51F5B}.NET20|x86.Build.0 = Release|Any CPU
		{191D700A-6CCD-4042-AEEF-DF5661B51F5B}.NET40|Any CPU.ActiveCfg = Release|Any CPU
		{191D700A-6CCD-4042-AEEF-DF5661B51F5B}.NET40|Any CPU.Build.0 = Release|Any CPU
		{191D700A-6CCD-4042-AEEF-DF5661B51F5B}.NET40|x86.ActiveCfg = Release|Any CPU
		{191D700A-6CCD-4042-AEEF-DF5661B51F5B}.NET40|x86.Build.0 = Release|Any CPU
		{191D700A-6CCD-4042-AEEF-DF5661B51F5B}.Release|Any CPU.ActiveCfg = Release|Any CPU
		{191D700A-6CCD-4042-AEEF-DF5661B51F5B}.Release|Any CPU.Build.0 = Release|Any CPU
		{191D700A-6CCD-4042-AEEF-DF5661B51F5B}.Release|x86.ActiveCfg = Release|Any CPU
		{191D700A-6CCD-4042-AEEF-DF5661B51F5B}.Release|x86.Build.0 = Release|Any CPU
		{FAD8D830-B14B-41A1-833E-13AC8AB1E897}.Debug|Any CPU.ActiveCfg = Debug|Any CPU
		{FAD8D830-B14B-41A1-833E-13AC8AB1E897}.Debug|Any CPU.Build.0 = Debug|Any CPU
		{FAD8D830-B14B-41A1-833E-13AC8AB1E897}.Debug|x86.ActiveCfg = Debug|Any CPU
		{FAD8D830-B14B-41A1-833E-13AC8AB1E897}.Debug|x86.Build.0 = Debug|Any CPU
		{FAD8D830-B14B-41A1-833E-13AC8AB1E897}.NET20|Any CPU.ActiveCfg = Release|Any CPU
		{FAD8D830-B14B-41A1-833E-13AC8AB1E897}.NET20|Any CPU.Build.0 = Release|Any CPU
		{FAD8D830-B14B-41A1-833E-13AC8AB1E897}.NET20|x86.ActiveCfg = Release|Any CPU
		{FAD8D830-B14B-41A1-833E-13AC8AB1E897}.NET20|x86.Build.0 = Release|Any CPU
		{FAD8D830-B14B-41A1-833E-13AC8AB1E897}.NET40|Any CPU.ActiveCfg = Release|Any CPU
		{FAD8D830-B14B-41A1-833E-13AC8AB1E897}.NET40|Any CPU.Build.0 = Release|Any CPU
		{FAD8D830-B14B-41A1-833E-13AC8AB1E897}.NET40|x86.ActiveCfg = Release|Any CPU
		{FAD8D830-B14B-41A1-833E-13AC8AB1E897}.NET40|x86.Build.0 = Release|Any CPU
		{FAD8D830-B14B-41A1-833E-13AC8AB1E897}.Release|Any CPU.ActiveCfg = Release|Any CPU
		{FAD8D830-B14B-41A1-833E-13AC8AB1E897}.Release|Any CPU.Build.0 = Release|Any CPU
		{FAD8D830-B14B-41A1-833E-13AC8AB1E897}.Release|x86.ActiveCfg = Release|Any CPU
		{FAD8D830-B14B-41A1-833E-13AC8AB1E897}.Release|x86.Build.0 = Release|Any CPU
	EndGlobalSection
	GlobalSection(SolutionProperties) = preSolution
		HideSolutionNode = FALSE
	EndGlobalSection
	GlobalSection(NestedProjects) = preSolution
		{EC8CE852-0533-42A7-B3CB-39116DD16EE8} = {E39B8C89-B82E-456C-99B7-BAE27FAD1337}
		{83213533-9340-44AA-9639-DE341FFD989A} = {E39B8C89-B82E-456C-99B7-BAE27FAD1337}
		{C0DE4756-6A5B-478B-976B-23C0855C503D} = {99CBEC80-4E9F-4366-959B-C14A57D37EC8}
		{68DA0706-EA18-4B34-91DD-0113132ECEBB} = {99CBEC80-4E9F-4366-959B-C14A57D37EC8}
		{489DB71A-2746-4037-8A92-CB574148572A} = {99CBEC80-4E9F-4366-959B-C14A57D37EC8}
		{2599AB25-4E6E-4952-AEE6-73122BA83CB2} = {6F03ABD4-6845-4C4D-BDA7-99E46482214A}
		{6F03ABD4-6845-4C4D-BDA7-99E46482214A} = {1BBD6918-87A4-490A-9B28-0235A075EA89}
		{E7C69869-B957-4635-BB80-3952D38EC81F} = {6F03ABD4-6845-4C4D-BDA7-99E46482214A}
		{A4AEBA56-9FE7-44B3-898A-AAD51BD74161} = {1BBD6918-87A4-490A-9B28-0235A075EA89}
		{0CD38D22-E0B7-4BD8-AEDF-4F725A9D8B6A} = {1BBD6918-87A4-490A-9B28-0235A075EA89}
		{E5078EC1-6479-44B8-9058-E7BE51D7FF00} = {1BBD6918-87A4-490A-9B28-0235A075EA89}
		{1E1300D9-24E7-4C9F-8A43-C7071769CB29} = {1BBD6918-87A4-490A-9B28-0235A075EA89}
	EndGlobalSection
	GlobalSection(ExtensibilityGlobals) = postSolution
		SolutionGuid = {F5B31192-6BD0-4B0F-A3A6-E84E9C0FD243}
	EndGlobalSection
EndGlobal
